{
  "version": 4,
  "terraform_version": "1.5.7",
  "serial": 39,
  "lineage": "6057dc94-a302-1672-0a4c-e4705d750a0d",
  "outputs": {
    "ec2_public_ip": {
      "value": "13.233.96.188",
      "type": "string"
    },
    "rds_endpoint": {
      "value": "devi-docker-assignment-mysql.c76640a8iyue.ap-south-1.rds.amazonaws.com",
      "type": "string"
    }
  },
  "resources": [
    {
      "mode": "data",
      "type": "aws_ami",
      "name": "amazon_linux",
      "provider": "provider[\"registry.terraform.io/hashicorp/aws\"]",
      "instances": [
        {
          "schema_version": 0,
          "attributes": {
            "allow_unsafe_filter": null,
            "architecture": "x86_64",
            "arn": "arn:aws:ec2:ap-south-1::image/ami-0d16415f0e2dc4b80",
            "block_device_mappings": [
              {
                "device_name": "/dev/xvda",
                "ebs": {
                  "delete_on_termination": "true",
                  "encrypted": "false",
                  "iops": "0",
                  "snapshot_id": "snap-0d008451ebc0bfaae",
                  "throughput": "0",
                  "volume_initialization_rate": "0",
                  "volume_size": "8",
                  "volume_type": "gp2"
                },
                "no_device": "",
                "virtual_name": ""
              }
            ],
            "boot_mode": "",
            "creation_date": "2026-02-13T22:44:15.000Z",
            "deprecation_time": "2026-05-15T01:06:00.000Z",
            "description": "Amazon Linux 2 AMI 2.0.20260216.0 x86_64 HVM gp2",
            "ena_support": true,
            "executable_users": null,
            "filter": [
              {
                "name": "name",
                "values": [
                  "amzn2-ami-hvm-*-x86_64-gp2"
                ]
              },
              {
                "name": "virtualization-type",
                "values": [
                  "hvm"
                ]
              }
            ],
            "hypervisor": "xen",
            "id": "ami-0d16415f0e2dc4b80",
            "image_id": "ami-0d16415f0e2dc4b80",
            "image_location": "amazon/amzn2-ami-hvm-2.0.20260216.0-x86_64-gp2",
            "image_owner_alias": "amazon",
            "image_type": "machine",
            "imds_support": "",
            "include_deprecated": false,
            "kernel_id": "",
            "last_launched_time": "",
            "most_recent": true,
            "name": "amzn2-ami-hvm-2.0.20260216.0-x86_64-gp2",
            "name_regex": null,
            "owner_id": "137112412989",
            "owners": [
              "amazon"
            ],
            "platform": "",
            "platform_details": "Linux/UNIX",
            "product_codes": [],
            "public": true,
            "ramdisk_id": "",
            "region": "ap-south-1",
            "root_device_name": "/dev/xvda",
            "root_device_type": "ebs",
            "root_snapshot_id": "snap-0d008451ebc0bfaae",
            "sriov_net_support": "simple",
            "state": "available",
            "state_reason": {
              "code": "UNSET",
              "message": "UNSET"
            },
            "tags": {},
            "timeouts": null,
            "tpm_support": "",
            "uefi_data": null,
            "usage_operation": "RunInstances",
            "virtualization_type": "hvm"
          },
          "sensitive_attributes": []
        }
      ]
    },
    {
      "mode": "data",
      "type": "aws_subnets",
      "name": "default",
      "provider": "provider[\"registry.terraform.io/hashicorp/aws\"]",
      "instances": [
        {
          "schema_version": 0,
          "attributes": {
            "filter": [
              {
                "name": "vpc-id",
                "values": [
                  "vpc-08daa30ecdb8bbb8f"
                ]
              }
            ],
            "id": "ap-south-1",
            "ids": [
              "subnet-0434106af9c4de670",
              "subnet-09a76406fb5fdc045",
              "subnet-0a85aa23ec4980d77",
              "subnet-074c94913b196160d",
              "subnet-03e5ba1c4e0f5ef1f",
              "subnet-05d8323d247699bab",
              "subnet-07777b2c4f0c8a95d",
              "subnet-040a1e4afc8fbcac7",
              "subnet-054ef783e738ac99e",
              "subnet-0328fd794481d81b4",
              "subnet-0623f7c5ee221bcf4",
              "subnet-023606166011f1a76",
              "subnet-03571f7bcab26e39b",
              "subnet-0edcb08238f5b972f",
              "subnet-05f34975954553a99",
              "subnet-0c5ac0fe8015167ce",
              "subnet-017471a8c3192bea7",
              "subnet-06375605027d4d75a",
              "subnet-0877029355b0320eb",
              "subnet-0e1b23bc75012a6c3"
            ],
            "region": "ap-south-1",
            "tags": null,
            "timeouts": null
          },
          "sensitive_attributes": []
        }
      ]
    },
    {
      "mode": "data",
      "type": "aws_vpc",
      "name": "default",
      "provider": "provider[\"registry.terraform.io/hashicorp/aws\"]",
      "instances": [
        {
          "schema_version": 0,
          "attributes": {
            "arn": "arn:aws:ec2:ap-south-1:743298171118:vpc/vpc-08daa30ecdb8bbb8f",
            "cidr_block": "172.31.0.0/16",
            "cidr_block_associations": [
              {
                "association_id": "vpc-cidr-assoc-08699141460eebed7",
                "cidr_block": "172.31.0.0/16",
                "state": "associated"
              }
            ],
            "default": true,
            "dhcp_options_id": "dopt-07356946dc5446a7d",
            "enable_dns_hostnames": true,
            "enable_dns_support": true,
            "enable_network_address_usage_metrics": false,
            "filter": null,
            "id": "vpc-08daa30ecdb8bbb8f",
            "instance_tenancy": "default",
            "ipv6_association_id": "",
            "ipv6_cidr_block": "",
            "main_route_table_id": "rtb-0b0774b60b8ca4f7d",
            "owner_id": "743298171118",
            "region": "ap-south-1",
            "state": null,
            "tags": {
              "Name": "default-vpc"
            },
            "timeouts": null
          },
          "sensitive_attributes": []
        }
      ]
    },
    {
      "mode": "managed",
      "type": "aws_db_instance",
      "name": "mysql",
      "provider": "provider[\"registry.terraform.io/hashicorp/aws\"]",
      "instances": [
        {
          "schema_version": 2,
          "attributes": {
            "address": "devi-docker-assignment-mysql.c76640a8iyue.ap-south-1.rds.amazonaws.com",
            "allocated_storage": 20,
            "allow_major_version_upgrade": null,
            "apply_immediately": false,
            "arn": "arn:aws:rds:ap-south-1:743298171118:db:devi-docker-assignment-mysql",
            "auto_minor_version_upgrade": true,
            "availability_zone": "ap-south-1b",
            "backup_retention_period": 0,
            "backup_target": "region",
            "backup_window": "21:06-21:36",
            "blue_green_update": [],
            "ca_cert_identifier": "rds-ca-rsa2048-g1",
            "character_set_name": "",
            "copy_tags_to_snapshot": false,
            "custom_iam_instance_profile": "",
            "customer_owned_ip_enabled": false,
            "database_insights_mode": "standard",
            "db_name": "currency",
            "db_subnet_group_name": "devi-docker-assignment-db-subnet",
            "dedicated_log_volume": false,
            "delete_automated_backups": true,
            "deletion_protection": false,
            "domain": "",
            "domain_auth_secret_arn": "",
            "domain_dns_ips": null,
            "domain_fqdn": "",
            "domain_iam_role_name": "",
            "domain_ou": "",
            "enabled_cloudwatch_logs_exports": null,
            "endpoint": "devi-docker-assignment-mysql.c76640a8iyue.ap-south-1.rds.amazonaws.com:3306",
            "engine": "mysql",
            "engine_lifecycle_support": "open-source-rds-extended-support",
            "engine_version": "8.0",
            "engine_version_actual": "8.0.44",
            "final_snapshot_identifier": null,
            "hosted_zone_id": "Z2VFMSZA74J7XZ",
            "iam_database_authentication_enabled": false,
            "id": "db-BV5E2OGTBGU53XG5PJLA7S6UT4",
            "identifier": "devi-docker-assignment-mysql",
            "identifier_prefix": "",
            "instance_class": "db.t3.micro",
            "iops": 0,
            "kms_key_id": "",
            "latest_restorable_time": "",
            "license_model": "general-public-license",
            "listener_endpoint": [],
            "maintenance_window": "sat:10:06-sat:10:36",
            "manage_master_user_password": null,
            "master_user_secret": [],
            "master_user_secret_kms_key_id": null,
            "max_allocated_storage": 0,
            "monitoring_interval": 0,
            "monitoring_role_arn": "",
            "multi_az": false,
            "nchar_character_set_name": "",
            "network_type": "IPV4",
            "option_group_name": "default:mysql-8-0",
            "parameter_group_name": "default.mysql8.0",
            "password": "docker-devi",
            "password_wo": null,
            "password_wo_version": null,
            "performance_insights_enabled": false,
            "performance_insights_kms_key_id": "",
            "performance_insights_retention_period": 0,
            "port": 3306,
            "publicly_accessible": false,
            "region": "ap-south-1",
            "replica_mode": "",
            "replicas": [],
            "replicate_source_db": "",
            "resource_id": "db-BV5E2OGTBGU53XG5PJLA7S6UT4",
            "restore_to_point_in_time": [],
            "s3_import": [],
            "skip_final_snapshot": true,
            "snapshot_identifier": null,
            "status": "available",
            "storage_encrypted": false,
            "storage_throughput": 0,
            "storage_type": "gp2",
            "tags": null,
            "tags_all": {},
            "timeouts": null,
            "timezone": "",
            "upgrade_rollout_order": "second",
            "upgrade_storage_config": null,
            "username": "admin",
            "vpc_security_group_ids": [
              "sg-0471c317ecb1619f8"
            ]
          },
          "sensitive_attributes": [
            [
              {
                "type": "get_attr",
                "value": "password"
              }
            ]
          ],
          "private": "eyJlMmJmYjczMC1lY2FhLTExZTYtOGY4OC0zNDM2M2JjN2M0YzAiOnsiY3JlYXRlIjozMDAwMDAwMDAwMDAwLCJkZWxldGUiOjM2MDAwMDAwMDAwMDAsInVwZGF0ZSI6NDgwMDAwMDAwMDAwMH0sInNjaGVtYV92ZXJzaW9uIjoiMiJ9",
          "dependencies": [
            "aws_db_subnet_group.default",
            "aws_security_group.ec2_sg",
            "aws_security_group.rds_sg",
            "data.aws_subnets.default",
            "data.aws_vpc.default"
          ]
        }
      ]
    },
    {
      "mode": "managed",
      "type": "aws_db_subnet_group",
      "name": "default",
      "provider": "provider[\"registry.terraform.io/hashicorp/aws\"]",
      "instances": [
        {
          "schema_version": 0,
          "attributes": {
            "arn": "arn:aws:rds:ap-south-1:743298171118:subgrp:devi-docker-assignment-db-subnet",
            "description": "Managed by Terraform",
            "id": "devi-docker-assignment-db-subnet",
            "name": "devi-docker-assignment-db-subnet",
            "name_prefix": "",
            "region": "ap-south-1",
            "subnet_ids": [
              "subnet-017471a8c3192bea7",
              "subnet-023606166011f1a76",
              "subnet-0328fd794481d81b4",
              "subnet-03571f7bcab26e39b",
              "subnet-03e5ba1c4e0f5ef1f",
              "subnet-040a1e4afc8fbcac7",
              "subnet-0434106af9c4de670",
              "subnet-054ef783e738ac99e",
              "subnet-05d8323d247699bab",
              "subnet-05f34975954553a99",
              "subnet-0623f7c5ee221bcf4",
              "subnet-06375605027d4d75a",
              "subnet-074c94913b196160d",
              "subnet-07777b2c4f0c8a95d",
              "subnet-0877029355b0320eb",
              "subnet-09a76406fb5fdc045",
              "subnet-0a85aa23ec4980d77",
              "subnet-0c5ac0fe8015167ce",
              "subnet-0e1b23bc75012a6c3",
              "subnet-0edcb08238f5b972f"
            ],
            "supported_network_types": [
              "IPV4"
            ],
            "tags": null,
            "tags_all": {},
            "vpc_id": "vpc-08daa30ecdb8bbb8f"
          },
          "sensitive_attributes": [],
          "private": "bnVsbA==",
          "dependencies": [
            "data.aws_subnets.default"
          ]
        }
      ]
    },
    {
      "mode": "managed",
      "type": "aws_instance",
      "name": "ec2",
      "provider": "provider[\"registry.terraform.io/hashicorp/aws\"]",
      "instances": [
        {
          "schema_version": 2,
          "attributes": {
            "ami": "ami-0d16415f0e2dc4b80",
            "arn": "arn:aws:ec2:ap-south-1:743298171118:instance/i-0e17647d9e384e756",
            "associate_public_ip_address": true,
            "availability_zone": "ap-south-1b",
            "capacity_reservation_specification": [
              {
                "capacity_reservation_preference": "open",
                "capacity_reservation_target": []
              }
            ],
            "cpu_options": [
              {
                "amd_sev_snp": "",
                "core_count": 1,
                "nested_virtualization": "",
                "threads_per_core": 1
              }
            ],
            "credit_specification": [
              {
                "cpu_credits": "standard"
              }
            ],
            "disable_api_stop": false,
            "disable_api_termination": false,
            "ebs_block_device": [],
            "ebs_optimized": false,
            "enable_primary_ipv6": null,
            "enclave_options": [
              {
                "enabled": false
              }
            ],
            "ephemeral_block_device": [],
            "force_destroy": false,
            "get_password_data": false,
            "hibernation": false,
            "host_id": "",
            "host_resource_group_arn": null,
            "iam_instance_profile": "",
            "id": "i-0e17647d9e384e756",
            "instance_initiated_shutdown_behavior": "stop",
            "instance_lifecycle": "",
            "instance_market_options": [],
            "instance_state": "running",
            "instance_type": "t2.micro",
            "ipv6_address_count": 0,
            "ipv6_addresses": [],
            "key_name": "devi-docker-assignment-key",
            "launch_template": [],
            "maintenance_options": [
              {
                "auto_recovery": "default"
              }
            ],
            "metadata_options": [
              {
                "http_endpoint": "enabled",
                "http_protocol_ipv6": "disabled",
                "http_put_response_hop_limit": 1,
                "http_tokens": "optional",
                "instance_metadata_tags": "disabled"
              }
            ],
            "monitoring": false,
            "network_interface": [],
            "outpost_arn": "",
            "password_data": "",
            "placement_group": "",
            "placement_group_id": "",
            "placement_partition_number": 0,
            "primary_network_interface": [
              {
                "delete_on_termination": true,
                "network_interface_id": "eni-0b92ef06c935f24ac"
              }
            ],
            "primary_network_interface_id": "eni-0b92ef06c935f24ac",
            "private_dns": "ip-172-31-7-178.ap-south-1.compute.internal",
            "private_dns_name_options": [
              {
                "enable_resource_name_dns_a_record": false,
                "enable_resource_name_dns_aaaa_record": false,
                "hostname_type": "ip-name"
              }
            ],
            "private_ip": "172.31.7.178",
            "public_dns": "ec2-13-233-96-188.ap-south-1.compute.amazonaws.com",
            "public_ip": "13.233.96.188",
            "region": "ap-south-1",
            "root_block_device": [
              {
                "delete_on_termination": true,
                "device_name": "/dev/xvda",
                "encrypted": false,
                "iops": 100,
                "kms_key_id": "",
                "tags": {},
                "tags_all": {},
                "throughput": 0,
                "volume_id": "vol-0e5feec18aa319c4e",
                "volume_size": 8,
                "volume_type": "gp2"
              }
            ],
            "secondary_network_interface": [],
            "secondary_private_ips": [],
            "security_groups": [
              "devi-docker-assignment-ec2-sg"
            ],
            "source_dest_check": true,
            "spot_instance_request_id": "",
            "subnet_id": "subnet-0c5ac0fe8015167ce",
            "tags": {
              "Name": "devi-docker-assignment-ec2"
            },
            "tags_all": {
              "Name": "devi-docker-assignment-ec2"
            },
            "tenancy": "default",
            "timeouts": null,
            "user_data": "#!/bin/bash\nyum update -y\n\n# Install Docker\nyum install docker -y\nsystemctl start docker\nsystemctl enable docker\n\nusermod -aG docker ec2-user\n\n# Install Docker Compose\ncurl -L \"https://github.com/docker/compose/releases/latest/download/docker-compose-$(uname -s)-$(uname -m)\" -o /usr/local/bin/docker-compose\nchmod +x /usr/local/bin/docker-compose\n\n# Create app directory\nmkdir -p /home/ec2-user/app\ncd /home/ec2-user/app\n\n# Write docker-compose file\ncat \u003c\u003cEOF \u003e docker-compose.yml\nversion: \"3.9\"\n\nservices:\n\n  backend2:\n    image: deviprasadreddyp/kdu-backend2:v1\n    restart: always\n    environment:\n      SPRING_DATASOURCE_USERNAME: admin\n      SPRING_DATASOURCE_PASSWORD: docker-devi\n      SPRING_DATASOURCE_URL: jdbc:mysql://devi-docker-assignment-mysql.c76640a8iyue.ap-south-1.rds.amazonaws.com:3306/currency?createDatabaseIfNotExist=true\u0026useSSL=false\u0026allowPublicKeyRetrieval=true\n\n  backend1:\n    image: deviprasadreddyp/kdu-backend1:v1\n    restart: always\n    depends_on:\n      - backend2\n    environment:\n      SPRING_DATASOURCE_USERNAME: admin\n      SPRING_DATASOURCE_PASSWORD: docker-devi\n      SPRING_DATASOURCE_URL: jdbc:mysql://devi-docker-assignment-mysql.c76640a8iyue.ap-south-1.rds.amazonaws.com:3306/currency?createDatabaseIfNotExist=true\u0026useSSL=false\u0026allowPublicKeyRetrieval=true\n      FEIGN_CLIENT_NAME: backend2\n      FEIGN_CLIENT_URL: http://backend2:8081\n\n  frontend:\n    image: deviprasadreddyp/kdu-frontend:v3\n    restart: always\n    depends_on:\n      - backend1\n    ports:\n      - \"80:80\"\nEOF\n\nchown -R ec2-user:ec2-user /home/ec2-user/app\n\n# Run containers\n/usr/local/bin/docker-compose up -d",
            "user_data_base64": null,
            "user_data_replace_on_change": false,
            "volume_tags": null,
            "vpc_security_group_ids": [
              "sg-0cee16fcbf393b0fe"
            ]
          },
          "sensitive_attributes": [
            [
              {
                "type": "get_attr",
                "value": "user_data"
              }
            ]
          ],
          "private": "eyJlMmJmYjczMC1lY2FhLTExZTYtOGY4OC0zNDM2M2JjN2M0YzAiOnsiY3JlYXRlIjo2MDAwMDAwMDAwMDAsImRlbGV0ZSI6MTIwMDAwMDAwMDAwMCwicmVhZCI6OTAwMDAwMDAwMDAwLCJ1cGRhdGUiOjYwMDAwMDAwMDAwMH0sInNjaGVtYV92ZXJzaW9uIjoiMiJ9",
          "dependencies": [
            "aws_db_instance.mysql",
            "aws_db_subnet_group.default",
            "aws_key_pair.devi_key",
            "aws_security_group.ec2_sg",
            "aws_security_group.rds_sg",
            "data.aws_ami.amazon_linux",
            "data.aws_subnets.default",
            "data.aws_vpc.default"
          ]
        }
      ]
    },
    {
      "mode": "managed",
      "type": "aws_key_pair",
      "name": "devi_key",
      "provider": "provider[\"registry.terraform.io/hashicorp/aws\"]",
      "instances": [
        {
          "schema_version": 1,
          "attributes": {
            "arn": "arn:aws:ec2:ap-south-1:743298171118:key-pair/devi-docker-assignment-key",
            "fingerprint": "ec:77:56:dd:1b:d7:e5:21:58:b2:c4:2c:d4:16:0c:c7",
            "id": "devi-docker-assignment-key",
            "key_name": "devi-docker-assignment-key",
            "key_name_prefix": "",
            "key_pair_id": "key-09950c91a99b48e0f",
            "key_type": "rsa",
            "public_key": "ssh-rsa AAAAB3NzaC1yc2EAAAADAQABAAACAQC89z4OEvOlyn8FjedInQJFZ4hlwNd2gVUVL7xaS0OEzAFyWXXxRiSiqExfZWl/tV0YqA84UvNhBnewUJP/Z7RiyoF1GFp30KU4lqOYguJd0xNWZF0hv4ky/4jkdUhTmmGehFiJyN+Z989Ip7dXFBXZmXlxlk1y3EQBXKs4EJlBCVB0v0gaqtmfM8X8waMZ1hqksfHBBu2+IPDr4h+I5j0fY4UUTsQyTFMi21BpbzoB2Hh1zc/PPRKPRWww16oBa8IA0mcdB8gZtKOV59yXGdEOarPbjSLpDf74igyr3zDFShWsvJZBrjEGgA3qqu2dRolUrDPZDWcgP9JEJXvGxrTio3yUrNmHtcRhhn7Fp73akIxAvsAb0kHOVwNw3VyJSqNxx7ixw66p8gF8uWuOTc7bULXvNiCFMGaQbAUOoDxqkjtBhK30wIZumJAtQqPsUriTEox6CfoGN2SurhMcIo6Wi13WHRh7zUOc7zWxs6Mlt4vNqbPmY0G4pyypcgoAzFNNHCTLzpSIFoCtGNWf7tnXaEDnkf+7N1+t97PFSZh6IzRiivk/nT+Tm2u2VoSuz0fkD5xHCachYCN2VYFzgHf/T/G26eNdjb3NBCiYdbcvLSBHdrCP0pvHSXEhzMaYsocwRGOHb1KheY3s3tKHQqACnu/pKsrzz4STlhEilUP+eQ== deviprasadreddyp-kickdrum@Devi's-Mac",
            "region": "ap-south-1",
            "tags": null,
            "tags_all": {}
          },
          "sensitive_attributes": [],
          "private": "eyJzY2hlbWFfdmVyc2lvbiI6IjEifQ=="
        }
      ]
    },
    {
      "mode": "managed",
      "type": "aws_security_group",
      "name": "ec2_sg",
      "provider": "provider[\"registry.terraform.io/hashicorp/aws\"]",
      "instances": [
        {
          "schema_version": 1,
          "attributes": {
            "arn": "arn:aws:ec2:ap-south-1:743298171118:security-group/sg-0cee16fcbf393b0fe",
            "description": "Allow HTTP and SSH",
            "egress": [
              {
                "cidr_blocks": [
                  "0.0.0.0/0"
                ],
                "description": "",
                "from_port": 0,
                "ipv6_cidr_blocks": [],
                "prefix_list_ids": [],
                "protocol": "-1",
                "security_groups": [],
                "self": false,
                "to_port": 0
              }
            ],
            "id": "sg-0cee16fcbf393b0fe",
            "ingress": [
              {
                "cidr_blocks": [
                  "0.0.0.0/0"
                ],
                "description": "",
                "from_port": 22,
                "ipv6_cidr_blocks": [],
                "prefix_list_ids": [],
                "protocol": "tcp",
                "security_groups": [],
                "self": false,
                "to_port": 22
              },
              {
                "cidr_blocks": [
                  "0.0.0.0/0"
                ],
                "description": "",
                "from_port": 80,
                "ipv6_cidr_blocks": [],
                "prefix_list_ids": [],
                "protocol": "tcp",
                "security_groups": [],
                "self": false,
                "to_port": 80
              }
            ],
            "name": "devi-docker-assignment-ec2-sg",
            "name_prefix": "",
            "owner_id": "743298171118",
            "region": "ap-south-1",
            "revoke_rules_on_delete": false,
            "tags": null,
            "tags_all": {},
            "timeouts": null,
            "vpc_id": "vpc-08daa30ecdb8bbb8f"
          },
          "sensitive_attributes": [],
          "private": "eyJlMmJmYjczMC1lY2FhLTExZTYtOGY4OC0zNDM2M2JjN2M0YzAiOnsiY3JlYXRlIjo2MDAwMDAwMDAwMDAsImRlbGV0ZSI6OTAwMDAwMDAwMDAwfSwic2NoZW1hX3ZlcnNpb24iOiIxIn0=",
          "dependencies": [
            "data.aws_vpc.default"
          ]
        }
      ]
    },
    {
      "mode": "managed",
      "type": "aws_security_group",
      "name": "rds_sg",
      "provider": "provider[\"registry.terraform.io/hashicorp/aws\"]",
      "instances": [
        {
          "schema_version": 1,
          "attributes": {
            "arn": "arn:aws:ec2:ap-south-1:743298171118:security-group/sg-0471c317ecb1619f8",
            "description": "Managed by Terraform",
            "egress": [
              {
                "cidr_blocks": [
                  "0.0.0.0/0"
                ],
                "description": "",
                "from_port": 0,
                "ipv6_cidr_blocks": [],
                "prefix_list_ids": [],
                "protocol": "-1",
                "security_groups": [],
                "self": false,
                "to_port": 0
              }
            ],
            "id": "sg-0471c317ecb1619f8",
            "ingress": [
              {
                "cidr_blocks": [],
                "description": "",
                "from_port": 3306,
                "ipv6_cidr_blocks": [],
                "prefix_list_ids": [],
                "protocol": "tcp",
                "security_groups": [
                  "sg-0cee16fcbf393b0fe"
                ],
                "self": false,
                "to_port": 3306
              }
            ],
            "name": "devi-docker-assignment-rds-sg",
            "name_prefix": "",
            "owner_id": "743298171118",
            "region": "ap-south-1",
            "revoke_rules_on_delete": false,
            "tags": null,
            "tags_all": {},
            "timeouts": null,
            "vpc_id": "vpc-08daa30ecdb8bbb8f"
          },
          "sensitive_attributes": [],
          "private": "eyJlMmJmYjczMC1lY2FhLTExZTYtOGY4OC0zNDM2M2JjN2M0YzAiOnsiY3JlYXRlIjo2MDAwMDAwMDAwMDAsImRlbGV0ZSI6OTAwMDAwMDAwMDAwfSwic2NoZW1hX3ZlcnNpb24iOiIxIn0=",
          "dependencies": [
            "aws_security_group.ec2_sg",
            "data.aws_vpc.default"
          ]
        }
      ]
    }
  ],
  "check_results": null
}
